
Microsoft Visual Studio Solution File, Format Version 12.00
# Visual Studio Version 16
VisualStudioVersion = 16.0.31129.286
MinimumVisualStudioVersion = 10.0.40219.1
Project("{FAE04EC0-301F-11D3-BF4B-00C04F79EFBC}") = "PruebaJulianVargas", "PruebaJulianVargas\PruebaJulianVargas.csproj", "{6EE75750-70F7-4FBE-9C64-D00B2DCDF781}"
EndProject
Project("{FAE04EC0-301F-11D3-BF4B-00C04F79EFBC}") = "Data", "Data\Data.csproj", "{F2DB5FCE-952C-4B14-AD98-A84C8A86F103}"
EndProject
Global
	GlobalSection(SolutionConfigurationPlatforms) = preSolution
		Debug|Any CPU = Debug|Any CPU
		Release|Any CPU = Release|Any CPU
	EndGlobalSection
	GlobalSection(ProjectConfigurationPlatforms) = postSolution
		{6EE75750-70F7-4FBE-9C64-D00B2DCDF781}.Debug|Any CPU.ActiveCfg = Debug|Any CPU
		{6EE75750-70F7-4FBE-9C64-D00B2DCDF781}.Debug|Any CPU.Build.0 = Debug|Any CPU
		{6EE75750-70F7-4FBE-9C64-D00B2DCDF781}.Release|Any CPU.ActiveCfg = Release|Any CPU
		{6EE75750-70F7-4FBE-9C64-D00B2DCDF781}.Release|Any CPU.Build.0 = Release|Any CPU
		{F2DB5FCE-952C-4B14-AD98-A84C8A86F103}.Debug|Any CPU.ActiveCfg = Debug|Any CPU
		{F2DB5FCE-952C-4B14-AD98-A84C8A86F103}.Debug|Any CPU.Build.0 = Debug|Any CPU
		{F2DB5FCE-952C-4B14-AD98-A84C8A86F103}.Release|Any CPU.ActiveCfg = Release|Any CPU
		{F2DB5FCE-952C-4B14-AD98-A84C8A86F103}.Release|Any CPU.Build.0 = Release|Any CPU
	EndGlobalSection
	GlobalSection(SolutionProperties) = preSolution
		HideSolutionNode = FALSE
	EndGlobalSection
	GlobalSection(ExtensibilityGlobals) = postSolution
		SolutionGuid = {58B24A25-8B50-439D-96B8-307E56C4EB4D}
	EndGlobalSection
EndGlobal
